// !$*UTF8*$!
{
	archiveVersion = 1;
	classes = {
	};
	objectVersion = 46;
	objects = {

/* Begin PBXBuildFile section */
		D121CD651B7F92070097FEF3 /* main.m in Sources */ = {isa = PBXBuildFile; fileRef = D121CD641B7F92070097FEF3 /* main.m */; };
		D121CD681B7F92070097FEF3 /* AppDelegate.m in Sources */ = {isa = PBXBuildFile; fileRef = D121CD671B7F92070097FEF3 /* AppDelegate.m */; };
		D121CD6B1B7F92070097FEF3 /* CM_WebScrapper.xcdatamodeld in Sources */ = {isa = PBXBuildFile; fileRef = D121CD691B7F92070097FEF3 /* CM_WebScrapper.xcdatamodeld */; };
		D121CD6E1B7F92070097FEF3 /* Start.m in Sources */ = {isa = PBXBuildFile; fileRef = D121CD6D1B7F92070097FEF3 /* Start.m */; };
		D121CD711B7F92070097FEF3 /* Main.storyboard in Resources */ = {isa = PBXBuildFile; fileRef = D121CD6F1B7F92070097FEF3 /* Main.storyboard */; };
		D121CD731B7F92070097FEF3 /* Images.xcassets in Resources */ = {isa = PBXBuildFile; fileRef = D121CD721B7F92070097FEF3 /* Images.xcassets */; };
		D121CD761B7F92070097FEF3 /* LaunchScreen.xib in Resources */ = {isa = PBXBuildFile; fileRef = D121CD741B7F92070097FEF3 /* LaunchScreen.xib */; };
		D121CD821B7F92070097FEF3 /* CM_WebScrapperTests.m in Sources */ = {isa = PBXBuildFile; fileRef = D121CD811B7F92070097FEF3 /* CM_WebScrapperTests.m */; };
		D1DDA4F31B7F9B70007D69EF /* WebKit.framework in Frameworks */ = {isa = PBXBuildFile; fileRef = D1DDA4F21B7F9B70007D69EF /* WebKit.framework */; };
		D1DDA5171B7FA1CC007D69EF /* MKAnnotationView+WebCache.m in Sources */ = {isa = PBXBuildFile; fileRef = D1DDA4F71B7FA1CC007D69EF /* MKAnnotationView+WebCache.m */; };
		D1DDA5181B7FA1CC007D69EF /* NSData+ImageContentType.m in Sources */ = {isa = PBXBuildFile; fileRef = D1DDA4F91B7FA1CC007D69EF /* NSData+ImageContentType.m */; };
		D1DDA5191B7FA1CC007D69EF /* SDImageCache.m in Sources */ = {isa = PBXBuildFile; fileRef = D1DDA4FB1B7FA1CC007D69EF /* SDImageCache.m */; };
		D1DDA51A1B7FA1CC007D69EF /* SDWebImageCompat.m in Sources */ = {isa = PBXBuildFile; fileRef = D1DDA4FD1B7FA1CC007D69EF /* SDWebImageCompat.m */; };
		D1DDA51B1B7FA1CC007D69EF /* SDWebImageDecoder.m in Sources */ = {isa = PBXBuildFile; fileRef = D1DDA4FF1B7FA1CC007D69EF /* SDWebImageDecoder.m */; };
		D1DDA51C1B7FA1CC007D69EF /* SDWebImageDownloader.m in Sources */ = {isa = PBXBuildFile; fileRef = D1DDA5011B7FA1CC007D69EF /* SDWebImageDownloader.m */; };
		D1DDA51D1B7FA1CC007D69EF /* SDWebImageDownloaderOperation.m in Sources */ = {isa = PBXBuildFile; fileRef = D1DDA5031B7FA1CC007D69EF /* SDWebImageDownloaderOperation.m */; };
		D1DDA51E1B7FA1CC007D69EF /* SDWebImageManager.m in Sources */ = {isa = PBXBuildFile; fileRef = D1DDA5051B7FA1CC007D69EF /* SDWebImageManager.m */; };
		D1DDA51F1B7FA1CC007D69EF /* SDWebImagePrefetcher.m in Sources */ = {isa = PBXBuildFile; fileRef = D1DDA5081B7FA1CC007D69EF /* SDWebImagePrefetcher.m */; };
		D1DDA5201B7FA1CC007D69EF /* UIButton+WebCache.m in Sources */ = {isa = PBXBuildFile; fileRef = D1DDA50A1B7FA1CC007D69EF /* UIButton+WebCache.m */; };
		D1DDA5211B7FA1CC007D69EF /* UIImage+GIF.m in Sources */ = {isa = PBXBuildFile; fileRef = D1DDA50C1B7FA1CC007D69EF /* UIImage+GIF.m */; };
		D1DDA5221B7FA1CC007D69EF /* UIImage+MultiFormat.m in Sources */ = {isa = PBXBuildFile; fileRef = D1DDA50E1B7FA1CC007D69EF /* UIImage+MultiFormat.m */; };
		D1DDA5231B7FA1CC007D69EF /* UIImage+WebP.m in Sources */ = {isa = PBXBuildFile; fileRef = D1DDA5101B7FA1CC007D69EF /* UIImage+WebP.m */; };
		D1DDA5241B7FA1CC007D69EF /* UIImageView+HighlightedWebCache.m in Sources */ = {isa = PBXBuildFile; fileRef = D1DDA5121B7FA1CC007D69EF /* UIImageView+HighlightedWebCache.m */; };
		D1DDA5251B7FA1CC007D69EF /* UIImageView+WebCache.m in Sources */ = {isa = PBXBuildFile; fileRef = D1DDA5141B7FA1CC007D69EF /* UIImageView+WebCache.m */; };
		D1DDA5261B7FA1CC007D69EF /* UIView+WebCacheOperation.m in Sources */ = {isa = PBXBuildFile; fileRef = D1DDA5161B7FA1CC007D69EF /* UIView+WebCacheOperation.m */; };
/* End PBXBuildFile section */

/* Begin PBXContainerItemProxy section */
		D121CD7C1B7F92070097FEF3 /* PBXContainerItemProxy */ = {
			isa = PBXContainerItemProxy;
			containerPortal = D121CD571B7F92070097FEF3 /* Project object */;
			proxyType = 1;
			remoteGlobalIDString = D121CD5E1B7F92070097FEF3;
			remoteInfo = "CM-WebScrapper";
		};
/* End PBXContainerItemProxy section */

/* Begin PBXFileReference section */
		D121CD5F1B7F92070097FEF3 /* CM-WebScrapper.app */ = {isa = PBXFileReference; explicitFileType = wrapper.application; includeInIndex = 0; path = "CM-WebScrapper.app"; sourceTree = BUILT_PRODUCTS_DIR; };
		D121CD631B7F92070097FEF3 /* Info.plist */ = {isa = PBXFileReference; lastKnownFileType = text.plist.xml; path = Info.plist; sourceTree = "<group>"; };
		D121CD641B7F92070097FEF3 /* main.m */ = {isa = PBXFileReference; lastKnownFileType = sourcecode.c.objc; path = main.m; sourceTree = "<group>"; };
		D121CD661B7F92070097FEF3 /* AppDelegate.h */ = {isa = PBXFileReference; lastKnownFileType = sourcecode.c.h; path = AppDelegate.h; sourceTree = "<group>"; };
		D121CD671B7F92070097FEF3 /* AppDelegate.m */ = {isa = PBXFileReference; lastKnownFileType = sourcecode.c.objc; path = AppDelegate.m; sourceTree = "<group>"; };
		D121CD6A1B7F92070097FEF3 /* CM_WebScrapper.xcdatamodel */ = {isa = PBXFileReference; lastKnownFileType = wrapper.xcdatamodel; path = CM_WebScrapper.xcdatamodel; sourceTree = "<group>"; };
		D121CD6C1B7F92070097FEF3 /* Start.h */ = {isa = PBXFileReference; lastKnownFileType = sourcecode.c.h; path = Start.h; sourceTree = "<group>"; };
		D121CD6D1B7F92070097FEF3 /* Start.m */ = {isa = PBXFileReference; lastKnownFileType = sourcecode.c.objc; path = Start.m; sourceTree = "<group>"; };
		D121CD701B7F92070097FEF3 /* Base */ = {isa = PBXFileReference; lastKnownFileType = file.storyboard; name = Base; path = Base.lproj/Main.storyboard; sourceTree = "<group>"; };
		D121CD721B7F92070097FEF3 /* Images.xcassets */ = {isa = PBXFileReference; lastKnownFileType = folder.assetcatalog; path = Images.xcassets; sourceTree = "<group>"; };
		D121CD751B7F92070097FEF3 /* Base */ = {isa = PBXFileReference; lastKnownFileType = file.xib; name = Base; path = Base.lproj/LaunchScreen.xib; sourceTree = "<group>"; };
		D121CD7B1B7F92070097FEF3 /* CM-WebScrapperTests.xctest */ = {isa = PBXFileReference; explicitFileType = wrapper.cfbundle; includeInIndex = 0; path = "CM-WebScrapperTests.xctest"; sourceTree = BUILT_PRODUCTS_DIR; };
		D121CD801B7F92070097FEF3 /* Info.plist */ = {isa = PBXFileReference; lastKnownFileType = text.plist.xml; path = Info.plist; sourceTree = "<group>"; };
		D121CD811B7F92070097FEF3 /* CM_WebScrapperTests.m */ = {isa = PBXFileReference; lastKnownFileType = sourcecode.c.objc; path = CM_WebScrapperTests.m; sourceTree = "<group>"; };
		D1DDA4F21B7F9B70007D69EF /* WebKit.framework */ = {isa = PBXFileReference; lastKnownFileType = wrapper.framework; name = WebKit.framework; path = System/Library/Frameworks/WebKit.framework; sourceTree = SDKROOT; };
		D1DDA4F61B7FA1CC007D69EF /* MKAnnotationView+WebCache.h */ = {isa = PBXFileReference; fileEncoding = 4; lastKnownFileType = sourcecode.c.h; path = "MKAnnotationView+WebCache.h"; sourceTree = "<group>"; };
		D1DDA4F71B7FA1CC007D69EF /* MKAnnotationView+WebCache.m */ = {isa = PBXFileReference; fileEncoding = 4; lastKnownFileType = sourcecode.c.objc; path = "MKAnnotationView+WebCache.m"; sourceTree = "<group>"; };
		D1DDA4F81B7FA1CC007D69EF /* NSData+ImageContentType.h */ = {isa = PBXFileReference; fileEncoding = 4; lastKnownFileType = sourcecode.c.h; path = "NSData+ImageContentType.h"; sourceTree = "<group>"; };
		D1DDA4F91B7FA1CC007D69EF /* NSData+ImageContentType.m */ = {isa = PBXFileReference; fileEncoding = 4; lastKnownFileType = sourcecode.c.objc; path = "NSData+ImageContentType.m"; sourceTree = "<group>"; };
		D1DDA4FA1B7FA1CC007D69EF /* SDImageCache.h */ = {isa = PBXFileReference; fileEncoding = 4; lastKnownFileType = sourcecode.c.h; path = SDImageCache.h; sourceTree = "<group>"; };
		D1DDA4FB1B7FA1CC007D69EF /* SDImageCache.m */ = {isa = PBXFileReference; fileEncoding = 4; lastKnownFileType = sourcecode.c.objc; path = SDImageCache.m; sourceTree = "<group>"; };
		D1DDA4FC1B7FA1CC007D69EF /* SDWebImageCompat.h */ = {isa = PBXFileReference; fileEncoding = 4; lastKnownFileType = sourcecode.c.h; path = SDWebImageCompat.h; sourceTree = "<group>"; };
		D1DDA4FD1B7FA1CC007D69EF /* SDWebImageCompat.m */ = {isa = PBXFileReference; fileEncoding = 4; lastKnownFileType = sourcecode.c.objc; path = SDWebImageCompat.m; sourceTree = "<group>"; };
		D1DDA4FE1B7FA1CC007D69EF /* SDWebImageDecoder.h */ = {isa = PBXFileReference; fileEncoding = 4; lastKnownFileType = sourcecode.c.h; path = SDWebImageDecoder.h; sourceTree = "<group>"; };
		D1DDA4FF1B7FA1CC007D69EF /* SDWebImageDecoder.m */ = {isa = PBXFileReference; fileEncoding = 4; lastKnownFileType = sourcecode.c.objc; path = SDWebImageDecoder.m; sourceTree = "<group>"; };
		D1DDA5001B7FA1CC007D69EF /* SDWebImageDownloader.h */ = {isa = PBXFileReference; fileEncoding = 4; lastKnownFileType = sourcecode.c.h; path = SDWebImageDownloader.h; sourceTree = "<group>"; };
		D1DDA5011B7FA1CC007D69EF /* SDWebImageDownloader.m */ = {isa = PBXFileReference; fileEncoding = 4; lastKnownFileType = sourcecode.c.objc; path = SDWebImageDownloader.m; sourceTree = "<group>"; };
		D1DDA5021B7FA1CC007D69EF /* SDWebImageDownloaderOperation.h */ = {isa = PBXFileReference; fileEncoding = 4; lastKnownFileType = sourcecode.c.h; path = SDWebImageDownloaderOperation.h; sourceTree = "<group>"; };
		D1DDA5031B7FA1CC007D69EF /* SDWebImageDownloaderOperation.m */ = {isa = PBXFileReference; fileEncoding = 4; lastKnownFileType = sourcecode.c.objc; path = SDWebImageDownloaderOperation.m; sourceTree = "<group>"; };
		D1DDA5041B7FA1CC007D69EF /* SDWebImageManager.h */ = {isa = PBXFileReference; fileEncoding = 4; lastKnownFileType = sourcecode.c.h; path = SDWebImageManager.h; sourceTree = "<group>"; };
		D1DDA5051B7FA1CC007D69EF /* SDWebImageManager.m */ = {isa = PBXFileReference; fileEncoding = 4; lastKnownFileType = sourcecode.c.objc; path = SDWebImageManager.m; sourceTree = "<group>"; };
		D1DDA5061B7FA1CC007D69EF /* SDWebImageOperation.h */ = {isa = PBXFileReference; fileEncoding = 4; lastKnownFileType = sourcecode.c.h; path = SDWebImageOperation.h; sourceTree = "<group>"; };
		D1DDA5071B7FA1CC007D69EF /* SDWebImagePrefetcher.h */ = {isa = PBXFileReference; fileEncoding = 4; lastKnownFileType = sourcecode.c.h; path = SDWebImagePrefetcher.h; sourceTree = "<group>"; };
		D1DDA5081B7FA1CC007D69EF /* SDWebImagePrefetcher.m */ = {isa = PBXFileReference; fileEncoding = 4; lastKnownFileType = sourcecode.c.objc; path = SDWebImagePrefetcher.m; sourceTree = "<group>"; };
		D1DDA5091B7FA1CC007D69EF /* UIButton+WebCache.h */ = {isa = PBXFileReference; fileEncoding = 4; lastKnownFileType = sourcecode.c.h; path = "UIButton+WebCache.h"; sourceTree = "<group>"; };
		D1DDA50A1B7FA1CC007D69EF /* UIButton+WebCache.m */ = {isa = PBXFileReference; fileEncoding = 4; lastKnownFileType = sourcecode.c.objc; path = "UIButton+WebCache.m"; sourceTree = "<group>"; };
		D1DDA50B1B7FA1CC007D69EF /* UIImage+GIF.h */ = {isa = PBXFileReference; fileEncoding = 4; lastKnownFileType = sourcecode.c.h; path = "UIImage+GIF.h"; sourceTree = "<group>"; };
		D1DDA50C1B7FA1CC007D69EF /* UIImage+GIF.m */ = {isa = PBXFileReference; fileEncoding = 4; lastKnownFileType = sourcecode.c.objc; path = "UIImage+GIF.m"; sourceTree = "<group>"; };
		D1DDA50D1B7FA1CC007D69EF /* UIImage+MultiFormat.h */ = {isa = PBXFileReference; fileEncoding = 4; lastKnownFileType = sourcecode.c.h; path = "UIImage+MultiFormat.h"; sourceTree = "<group>"; };
		D1DDA50E1B7FA1CC007D69EF /* UIImage+MultiFormat.m */ = {isa = PBXFileReference; fileEncoding = 4; lastKnownFileType = sourcecode.c.objc; path = "UIImage+MultiFormat.m"; sourceTree = "<group>"; };
		D1DDA50F1B7FA1CC007D69EF /* UIImage+WebP.h */ = {isa = PBXFileReference; fileEncoding = 4; lastKnownFileType = sourcecode.c.h; path = "UIImage+WebP.h"; sourceTree = "<group>"; };
		D1DDA5101B7FA1CC007D69EF /* UIImage+WebP.m */ = {isa = PBXFileReference; fileEncoding = 4; lastKnownFileType = sourcecode.c.objc; path = "UIImage+WebP.m"; sourceTree = "<group>"; };
		D1DDA5111B7FA1CC007D69EF /* UIImageView+HighlightedWebCache.h */ = {isa = PBXFileReference; fileEncoding = 4; lastKnownFileType = sourcecode.c.h; path = "UIImageView+HighlightedWebCache.h"; sourceTree = "<group>"; };
		D1DDA5121B7FA1CC007D69EF /* UIImageView+HighlightedWebCache.m */ = {isa = PBXFileReference; fileEncoding = 4; lastKnownFileType = sourcecode.c.objc; path = "UIImageView+HighlightedWebCache.m"; sourceTree = "<group>"; };
		D1DDA5131B7FA1CC007D69EF /* UIImageView+WebCache.h */ = {isa = PBXFileReference; fileEncoding = 4; lastKnownFileType = sourcecode.c.h; path = "UIImageView+WebCache.h"; sourceTree = "<group>"; };
		D1DDA5141B7FA1CC007D69EF /* UIImageView+WebCache.m */ = {isa = PBXFileReference; fileEncoding = 4; lastKnownFileType = sourcecode.c.objc; path = "UIImageView+WebCache.m"; sourceTree = "<group>"; };
		D1DDA5151B7FA1CC007D69EF /* UIView+WebCacheOperation.h */ = {isa = PBXFileReference; fileEncoding = 4; lastKnownFileType = sourcecode.c.h; path = "UIView+WebCacheOperation.h"; sourceTree = "<group>"; };
		D1DDA5161B7FA1CC007D69EF /* UIView+WebCacheOperation.m */ = {isa = PBXFileReference; fileEncoding = 4; lastKnownFileType = sourcecode.c.objc; path = "UIView+WebCacheOperation.m"; sourceTree = "<group>"; };
/* End PBXFileReference section */

/* Begin PBXFrameworksBuildPhase section */
		D121CD5C1B7F92070097FEF3 /* Frameworks */ = {
			isa = PBXFrameworksBuildPhase;
			buildActionMask = 2147483647;
			files = (
				D1DDA4F31B7F9B70007D69EF /* WebKit.framework in Frameworks */,
			);
			runOnlyForDeploymentPostprocessing = 0;
		};
		D121CD781B7F92070097FEF3 /* Frameworks */ = {
			isa = PBXFrameworksBuildPhase;
			buildActionMask = 2147483647;
			files = (
			);
			runOnlyForDeploymentPostprocessing = 0;
		};
/* End PBXFrameworksBuildPhase section */

/* Begin PBXGroup section */
		D121CD561B7F92070097FEF3 = {
			isa = PBXGroup;
			children = (
				D1DDA4F21B7F9B70007D69EF /* WebKit.framework */,
				D121CD611B7F92070097FEF3 /* CM-WebScrapper */,
				D121CD7E1B7F92070097FEF3 /* CM-WebScrapperTests */,
				D121CD601B7F92070097FEF3 /* Products */,
			);
			sourceTree = "<group>";
		};
		D121CD601B7F92070097FEF3 /* Products */ = {
			isa = PBXGroup;
			children = (
				D121CD5F1B7F92070097FEF3 /* CM-WebScrapper.app */,
				D121CD7B1B7F92070097FEF3 /* CM-WebScrapperTests.xctest */,
			);
			name = Products;
			sourceTree = "<group>";
		};
		D121CD611B7F92070097FEF3 /* CM-WebScrapper */ = {
			isa = PBXGroup;
			children = (
				D1DDA4F41B7FA1BD007D69EF /* Classes */,
				D121CD8B1B7F93250097FEF3 /* Main */,
				D121CD8C1B7F932B0097FEF3 /* Controllers */,
				D121CD6F1B7F92070097FEF3 /* Main.storyboard */,
				D121CD721B7F92070097FEF3 /* Images.xcassets */,
				D121CD741B7F92070097FEF3 /* LaunchScreen.xib */,
				D121CD691B7F92070097FEF3 /* CM_WebScrapper.xcdatamodeld */,
				D121CD621B7F92070097FEF3 /* Supporting Files */,
			);
			path = "CM-WebScrapper";
			sourceTree = "<group>";
		};
		D121CD621B7F92070097FEF3 /* Supporting Files */ = {
			isa = PBXGroup;
			children = (
				D121CD631B7F92070097FEF3 /* Info.plist */,
				D121CD641B7F92070097FEF3 /* main.m */,
			);
			name = "Supporting Files";
			sourceTree = "<group>";
		};
		D121CD7E1B7F92070097FEF3 /* CM-WebScrapperTests */ = {
			isa = PBXGroup;
			children = (
				D121CD811B7F92070097FEF3 /* CM_WebScrapperTests.m */,
				D121CD7F1B7F92070097FEF3 /* Supporting Files */,
			);
			path = "CM-WebScrapperTests";
			sourceTree = "<group>";
		};
		D121CD7F1B7F92070097FEF3 /* Supporting Files */ = {
			isa = PBXGroup;
			children = (
				D121CD801B7F92070097FEF3 /* Info.plist */,
			);
			name = "Supporting Files";
			sourceTree = "<group>";
		};
		D121CD8B1B7F93250097FEF3 /* Main */ = {
			isa = PBXGroup;
			children = (
				D121CD661B7F92070097FEF3 /* AppDelegate.h */,
				D121CD671B7F92070097FEF3 /* AppDelegate.m */,
			);
			name = Main;
			sourceTree = "<group>";
		};
		D121CD8C1B7F932B0097FEF3 /* Controllers */ = {
			isa = PBXGroup;
			children = (
				D121CD6C1B7F92070097FEF3 /* Start.h */,
				D121CD6D1B7F92070097FEF3 /* Start.m */,
			);
			name = Controllers;
			sourceTree = "<group>";
		};
		D1DDA4F41B7FA1BD007D69EF /* Classes */ = {
			isa = PBXGroup;
			children = (
				D1DDA4F51B7FA1CC007D69EF /* SDWebImage */,
			);
			name = Classes;
			sourceTree = "<group>";
		};
		D1DDA4F51B7FA1CC007D69EF /* SDWebImage */ = {
			isa = PBXGroup;
			children = (
				D1DDA4F61B7FA1CC007D69EF /* MKAnnotationView+WebCache.h */,
				D1DDA4F71B7FA1CC007D69EF /* MKAnnotationView+WebCache.m */,
				D1DDA4F81B7FA1CC007D69EF /* NSData+ImageContentType.h */,
				D1DDA4F91B7FA1CC007D69EF /* NSData+ImageContentType.m */,
				D1DDA4FA1B7FA1CC007D69EF /* SDImageCache.h */,
				D1DDA4FB1B7FA1CC007D69EF /* SDImageCache.m */,
				D1DDA4FC1B7FA1CC007D69EF /* SDWebImageCompat.h */,
				D1DDA4FD1B7FA1CC007D69EF /* SDWebImageCompat.m */,
				D1DDA4FE1B7FA1CC007D69EF /* SDWebImageDecoder.h */,
				D1DDA4FF1B7FA1CC007D69EF /* SDWebImageDecoder.m */,
				D1DDA5001B7FA1CC007D69EF /* SDWebImageDownloader.h */,
				D1DDA5011B7FA1CC007D69EF /* SDWebImageDownloader.m */,
				D1DDA5021B7FA1CC007D69EF /* SDWebImageDownloaderOperation.h */,
				D1DDA5031B7FA1CC007D69EF /* SDWebImageDownloaderOperation.m */,
				D1DDA5041B7FA1CC007D69EF /* SDWebImageManager.h */,
				D1DDA5051B7FA1CC007D69EF /* SDWebImageManager.m */,
				D1DDA5061B7FA1CC007D69EF /* SDWebImageOperation.h */,
				D1DDA5071B7FA1CC007D69EF /* SDWebImagePrefetcher.h */,
				D1DDA5081B7FA1CC007D69EF /* SDWebImagePrefetcher.m */,
				D1DDA5091B7FA1CC007D69EF /* UIButton+WebCache.h */,
				D1DDA50A1B7FA1CC007D69EF /* UIButton+WebCache.m */,
				D1DDA50B1B7FA1CC007D69EF /* UIImage+GIF.h */,
				D1DDA50C1B7FA1CC007D69EF /* UIImage+GIF.m */,
				D1DDA50D1B7FA1CC007D69EF /* UIImage+MultiFormat.h */,
				D1DDA50E1B7FA1CC007D69EF /* UIImage+MultiFormat.m */,
				D1DDA50F1B7FA1CC007D69EF /* UIImage+WebP.h */,
				D1DDA5101B7FA1CC007D69EF /* UIImage+WebP.m */,
				D1DDA5111B7FA1CC007D69EF /* UIImageView+HighlightedWebCache.h */,
				D1DDA5121B7FA1CC007D69EF /* UIImageView+HighlightedWebCache.m */,
				D1DDA5131B7FA1CC007D69EF /* UIImageView+WebCache.h */,
				D1DDA5141B7FA1CC007D69EF /* UIImageView+WebCache.m */,
				D1DDA5151B7FA1CC007D69EF /* UIView+WebCacheOperation.h */,
				D1DDA5161B7FA1CC007D69EF /* UIView+WebCacheOperation.m */,
			);
			path = SDWebImage;
			sourceTree = "<group>";
		};
/* End PBXGroup section */

/* Begin PBXNativeTarget section */
		D121CD5E1B7F92070097FEF3 /* CM-WebScrapper */ = {
			isa = PBXNativeTarget;
			buildConfigurationList = D121CD851B7F92070097FEF3 /* Build configuration list for PBXNativeTarget "CM-WebScrapper" */;
			buildPhases = (
				D121CD5B1B7F92070097FEF3 /* Sources */,
				D121CD5C1B7F92070097FEF3 /* Frameworks */,
				D121CD5D1B7F92070097FEF3 /* Resources */,
			);
			buildRules = (
			);
			dependencies = (
			);
			name = "CM-WebScrapper";
			productName = "CM-WebScrapper";
			productReference = D121CD5F1B7F92070097FEF3 /* CM-WebScrapper.app */;
			productType = "com.apple.product-type.application";
		};
		D121CD7A1B7F92070097FEF3 /* CM-WebScrapperTests */ = {
			isa = PBXNativeTarget;
			buildConfigurationList = D121CD881B7F92070097FEF3 /* Build configuration list for PBXNativeTarget "CM-WebScrapperTests" */;
			buildPhases = (
				D121CD771B7F92070097FEF3 /* Sources */,
				D121CD781B7F92070097FEF3 /* Frameworks */,
				D121CD791B7F92070097FEF3 /* Resources */,
			);
			buildRules = (
			);
			dependencies = (
				D121CD7D1B7F92070097FEF3 /* PBXTargetDependency */,
			);
			name = "CM-WebScrapperTests";
			productName = "CM-WebScrapperTests";
			productReference = D121CD7B1B7F92070097FEF3 /* CM-WebScrapperTests.xctest */;
			productType = "com.apple.product-type.bundle.unit-test";
		};
/* End PBXNativeTarget section */

/* Begin PBXProject section */
		D121CD571B7F92070097FEF3 /* Project object */ = {
			isa = PBXProject;
			attributes = {
				LastUpgradeCheck = 0640;
				ORGANIZATIONNAME = Smartplace;
				TargetAttributes = {
					D121CD5E1B7F92070097FEF3 = {
						CreatedOnToolsVersion = 6.4;
						DevelopmentTeam = QXF33N93KH;
					};
					D121CD7A1B7F92070097FEF3 = {
						CreatedOnToolsVersion = 6.4;
						TestTargetID = D121CD5E1B7F92070097FEF3;
					};
				};
			};
			buildConfigurationList = D121CD5A1B7F92070097FEF3 /* Build configuration list for PBXProject "CM-WebScrapper" */;
			compatibilityVersion = "Xcode 3.2";
			developmentRegion = English;
			hasScannedForEncodings = 0;
			knownRegions = (
				en,
				Base,
			);
			mainGroup = D121CD561B7F92070097FEF3;
			productRefGroup = D121CD601B7F92070097FEF3 /* Products */;
			projectDirPath = "";
			projectRoot = "";
			targets = (
				D121CD5E1B7F92070097FEF3 /* CM-WebScrapper */,
				D121CD7A1B7F92070097FEF3 /* CM-WebScrapperTests */,
			);
		};
/* End PBXProject section */

/* Begin PBXResourcesBuildPhase section */
		D121CD5D1B7F92070097FEF3 /* Resources */ = {
			isa = PBXResourcesBuildPhase;
			buildActionMask = 2147483647;
			files = (
				D121CD711B7F92070097FEF3 /* Main.storyboard in Resources */,
				D121CD761B7F92070097FEF3 /* LaunchScreen.xib in Resources */,
				D121CD731B7F92070097FEF3 /* Images.xcassets in Resources */,
			);
			runOnlyForDeploymentPostprocessing = 0;
		};
		D121CD791B7F92070097FEF3 /* Resources */ = {
			isa = PBXResourcesBuildPhase;
			buildActionMask = 2147483647;
			files = (
			);
			runOnlyForDeploymentPostprocessing = 0;
		};
/* End PBXResourcesBuildPhase section */

/* Begin PBXSourcesBuildPhase section */
		D121CD5B1B7F92070097FEF3 /* Sources */ = {
			isa = PBXSourcesBuildPhase;
			buildActionMask = 2147483647;
			files = (
				D1DDA5241B7FA1CC007D69EF /* UIImageView+HighlightedWebCache.m in Sources */,
				D1DDA5221B7FA1CC007D69EF /* UIImage+MultiFormat.m in Sources */,
				D1DDA51D1B7FA1CC007D69EF /* SDWebImageDownloaderOperation.m in Sources */,
				D121CD6B1B7F92070097FEF3 /* CM_WebScrapper.xcdatamodeld in Sources */,
				D1DDA51A1B7FA1CC007D69EF /* SDWebImageCompat.m in Sources */,
				D1DDA5211B7FA1CC007D69EF /* UIImage+GIF.m in Sources */,
				D1DDA51F1B7FA1CC007D69EF /* SDWebImagePrefetcher.m in Sources */,
				D121CD681B7F92070097FEF3 /* AppDelegate.m in Sources */,
				D121CD6E1B7F92070097FEF3 /* Start.m in Sources */,
				D1DDA5231B7FA1CC007D69EF /* UIImage+WebP.m in Sources */,
				D1DDA5251B7FA1CC007D69EF /* UIImageView+WebCache.m in Sources */,
				D1DDA51C1B7FA1CC007D69EF /* SDWebImageDownloader.m in Sources */,
				D1DDA5261B7FA1CC007D69EF /* UIView+WebCacheOperation.m in Sources */,
				D1DDA5201B7FA1CC007D69EF /* UIButton+WebCache.m in Sources */,
				D1DDA5171B7FA1CC007D69EF /* MKAnnotationView+WebCache.m in Sources */,
				D1DDA5181B7FA1CC007D69EF /* NSData+ImageContentType.m in Sources */,
				D121CD651B7F92070097FEF3 /* main.m in Sources */,
				D1DDA51E1B7FA1CC007D69EF /* SDWebImageManager.m in Sources */,
				D1DDA51B1B7FA1CC007D69EF /* SDWebImageDecoder.m in Sources */,
				D1DDA5191B7FA1CC007D69EF /* SDImageCache.m in Sources */,
			);
			runOnlyForDeploymentPostprocessing = 0;
		};
		D121CD771B7F92070097FEF3 /* Sources */ = {
			isa = PBXSourcesBuildPhase;
			buildActionMask = 2147483647;
			files = (
				D121CD821B7F92070097FEF3 /* CM_WebScrapperTests.m in Sources */,
			);
			runOnlyForDeploymentPostprocessing = 0;
		};
/* End PBXSourcesBuildPhase section */

/* Begin PBXTargetDependency section */
		D121CD7D1B7F92070097FEF3 /* PBXTargetDependency */ = {
			isa = PBXTargetDependency;
			target = D121CD5E1B7F92070097FEF3 /* CM-WebScrapper */;
			targetProxy = D121CD7C1B7F92070097FEF3 /* PBXContainerItemProxy */;
		};
/* End PBXTargetDependency section */

/* Begin PBXVariantGroup section */
		D121CD6F1B7F92070097FEF3 /* Main.storyboard */ = {
			isa = PBXVariantGroup;
			children = (
				D121CD701B7F92070097FEF3 /* Base */,
			);
			name = Main.storyboard;
			sourceTree = "<group>";
		};
		D121CD741B7F92070097FEF3 /* LaunchScreen.xib */ = {
			isa = PBXVariantGroup;
			children = (
				D121CD751B7F92070097FEF3 /* Base */,
			);
			name = LaunchScreen.xib;
			sourceTree = "<group>";
		};
/* End PBXVariantGroup section */

/* Begin XCBuildConfiguration section */
		D121CD831B7F92070097FEF3 /* Debug */ = {
			isa = XCBuildConfiguration;
			buildSettings = {
				ALWAYS_SEARCH_USER_PATHS = NO;
				CLANG_CXX_LANGUAGE_STANDARD = "gnu++0x";
				CLANG_CXX_LIBRARY = "libc++";
				CLANG_ENABLE_MODULES = YES;
				CLANG_ENABLE_OBJC_ARC = YES;
				CLANG_WARN_BOOL_CONVERSION = YES;
				CLANG_WARN_CONSTANT_CONVERSION = YES;
				CLANG_WARN_DIRECT_OBJC_ISA_USAGE = YES_ERROR;
				CLANG_WARN_EMPTY_BODY = YES;
				CLANG_WARN_ENUM_CONVERSION = YES;
				CLANG_WARN_INT_CONVERSION = YES;
				CLANG_WARN_OBJC_ROOT_CLASS = YES_ERROR;
				CLANG_WARN_UNREACHABLE_CODE = YES;
				CLANG_WARN__DUPLICATE_METHOD_MATCH = YES;
				"CODE_SIGN_IDENTITY[sdk=iphoneos*]" = "iPhone Developer";
				COPY_PHASE_STRIP = NO;
				DEBUG_INFORMATION_FORMAT = "dwarf-with-dsym";
				ENABLE_STRICT_OBJC_MSGSEND = YES;
				GCC_C_LANGUAGE_STANDARD = gnu99;
				GCC_DYNAMIC_NO_PIC = NO;
				GCC_NO_COMMON_BLOCKS = YES;
				GCC_OPTIMIZATION_LEVEL = 0;
				GCC_PREPROCESSOR_DEFINITIONS = (
					"DEBUG=1",
					"$(inherited)",
				);
				GCC_SYMBOLS_PRIVATE_EXTERN = NO;
				GCC_WARN_64_TO_32_BIT_CONVERSION = YES;
				GCC_WARN_ABOUT_RETURN_TYPE = YES_ERROR;
				GCC_WARN_UNDECLARED_SELECTOR = YES;
				GCC_WARN_UNINITIALIZED_AUTOS = YES_AGGRESSIVE;
				GCC_WARN_UNUSED_FUNCTION = YES;
				GCC_WARN_UNUSED_VARIABLE = YES;
				IPHONEOS_DEPLOYMENT_TARGET = 8.4;
				MTL_ENABLE_DEBUG_INFO = YES;
				ONLY_ACTIVE_ARCH = YES;
				SDKROOT = iphoneos;
			};
			name = Debug;
		};
		D121CD841B7F92070097FEF3 /* Release */ = {
			isa = XCBuildConfiguration;
			buildSettings = {
				ALWAYS_SEARCH_USER_PATHS = NO;
				CLANG_CXX_LANGUAGE_STANDARD = "gnu++0x";
				CLANG_CXX_LIBRARY = "libc++";
				CLANG_ENABLE_MODULES = YES;
				CLANG_ENABLE_OBJC_ARC = YES;
				CLANG_WARN_BOOL_CONVERSION = YES;
				CLANG_WARN_CONSTANT_CONVERSION = YES;
				CLANG_WARN_DIRECT_OBJC_ISA_USAGE = YES_ERROR;
				CLANG_WARN_EMPTY_BODY = YES;
				CLANG_WARN_ENUM_CONVERSION = YES;
				CLANG_WARN_INT_CONVERSION = YES;
				CLANG_WARN_OBJC_ROOT_CLASS = YES_ERROR;
				CLANG_WARN_UNREACHABLE_CODE = YES;
				CLANG_WARN__DUPLICATE_METHOD_MATCH = YES;
				"CODE_SIGN_IDENTITY[sdk=iphoneos*]" = "iPhone Developer";
				COPY_PHASE_STRIP = NO;
				DEBUG_INFORMATION_FORMAT = "dwarf-with-dsym";
				ENABLE_NS_ASSERTIONS = NO;
				ENABLE_STRICT_OBJC_MSGSEND = YES;
				GCC_C_LANGUAGE_STANDARD = gnu99;
				GCC_NO_COMMON_BLOCKS = YES;
				GCC_WARN_64_TO_32_BIT_CONVERSION = YES;
				GCC_WARN_ABOUT_RETURN_TYPE = YES_ERROR;
				GCC_WARN_UNDECLARED_SELECTOR = YES;
				GCC_WARN_UNINITIALIZED_AUTOS = YES_AGGRESSIVE;
				GCC_WARN_UNUSED_FUNCTION = YES;
				GCC_WARN_UNUSED_VARIABLE = YES;
				IPHONEOS_DEPLOYMENT_TARGET = 8.4;
				MTL_ENABLE_DEBUG_INFO = NO;
				SDKROOT = iphoneos;
				VALIDATE_PRODUCT = YES;
			};
			name = Release;
		};
		D121CD861B7F92070097FEF3 /* Debug */ = {
			isa = XCBuildConfiguration;
			buildSettings = {
				ASSETCATALOG_COMPILER_APPICON_NAME = AppIcon;
				CODE_SIGN_IDENTITY = "iPhone Developer";
				INFOPLIST_FILE = "CM-WebScrapper/Info.plist";
				IPHONEOS_DEPLOYMENT_TARGET = 8.0;
				LD_RUNPATH_SEARCH_PATHS = "$(inherited) @executable_path/Frameworks";
				PRODUCT_NAME = "$(TARGET_NAME)";
			};
			name = Debug;
		};
		D121CD871B7F92070097FEF3 /* Release */ = {
			isa = XCBuildConfiguration;
			buildSettings = {
				ASSETCATALOG_COMPILER_APPICON_NAME = AppIcon;
				CODE_SIGN_IDENTITY = "iPhone Developer";
				INFOPLIST_FILE = "CM-WebScrapper/Info.plist";
				IPHONEOS_DEPLOYMENT_TARGET = 8.0;
				LD_RUNPATH_SEARCH_PATHS = "$(inherited) @executable_path/Frameworks";
				PRODUCT_NAME = "$(TARGET_NAME)";
			};
			name = Release;
		};
		D121CD891B7F92070097FEF3 /* Debug */ = {
			isa = XCBuildConfiguration;
			buildSettings = {
				BUNDLE_LOADER = "$(TEST_HOST)";
				FRAMEWORK_SEARCH_PATHS = (
					"$(SDKROOT)/Developer/Library/Frameworks",
					"$(inherited)",
				);
				GCC_PREPROCESSOR_DEFINITIONS = (
					"DEBUG=1",
					"$(inherited)",
				);
				INFOPLIST_FILE = "CM-WebScrapperTests/Info.plist";
				LD_RUNPATH_SEARCH_PATHS = "$(inherited) @executable_path/Frameworks @loader_path/Frameworks";
				PRODUCT_NAME = "$(TARGET_NAME)";
				TEST_HOST = "$(BUILT_PRODUCTS_DIR)/CM-WebScrapper.app/CM-WebScrapper";
			};
			name = Debug;
		};
		D121CD8A1B7F92070097FEF3 /* Release */ = {
			isa = XCBuildConfiguration;
			buildSettings = {
				BUNDLE_LOADER = "$(TEST_HOST)";
				FRAMEWORK_SEARCH_PATHS = (
					"$(SDKROOT)/Developer/Library/Frameworks",
					"$(inherited)",
				);
				INFOPLIST_FILE = "CM-WebScrapperTests/Info.plist";
				LD_RUNPATH_SEARCH_PATHS = "$(inherited) @executable_path/Frameworks @loader_path/Frameworks";
				PRODUCT_NAME = "$(TARGET_NAME)";
				TEST_HOST = "$(BUILT_PRODUCTS_DIR)/CM-WebScrapper.app/CM-WebScrapper";
			};
			name = Release;
		};
/* End XCBuildConfiguration section */

/* Begin XCConfigurationList section */
		D121CD5A1B7F92070097FEF3 /* Build configuration list for PBXProject "CM-WebScrapper" */ = {
			isa = XCConfigurationList;
			buildConfigurations = (
				D121CD831B7F92070097FEF3 /* Debug */,
				D121CD841B7F92070097FEF3 /* Release */,
			);
			defaultConfigurationIsVisible = 0;
			defaultConfigurationName = Release;
		};
		D121CD851B7F92070097FEF3 /* Build configuration list for PBXNativeTarget "CM-WebScrapper" */ = {
			isa = XCConfigurationList;
			buildConfigurations = (
				D121CD861B7F92070097FEF3 /* Debug */,
				D121CD871B7F92070097FEF3 /* Release */,
			);
			defaultConfigurationIsVisible = 0;
			defaultConfigurationName = Release;
		};
		D121CD881B7F92070097FEF3 /* Build configuration list for PBXNativeTarget "CM-WebScrapperTests" */ = {
			isa = XCConfigurationList;
			buildConfigurations = (
				D121CD891B7F92070097FEF3 /* Debug */,
				D121CD8A1B7F92070097FEF3 /* Release */,
			);
			defaultConfigurationIsVisible = 0;
			defaultConfigurationName = Release;
		};
/* End XCConfigurationList section */

/* Begin XCVersionGroup section */
		D121CD691B7F92070097FEF3 /* CM_WebScrapper.xcdatamodeld */ = {
			isa = XCVersionGroup;
			children = (
				D121CD6A1B7F92070097FEF3 /* CM_WebScrapper.xcdatamodel */,
			);
			currentVersion = D121CD6A1B7F92070097FEF3 /* CM_WebScrapper.xcdatamodel */;
			path = CM_WebScrapper.xcdatamodeld;
			sourceTree = "<group>";
			versionGroupType = wrapper.xcdatamodel;
		};
/* End XCVersionGroup section */
	};
	rootObject = D121CD571B7F92070097FEF3 /* Project object */;
}
